// !$*UTF8*$!
{
	archiveVersion = 1;
	classes = {
	};
	objectVersion = 77;
	objects = {

/* Begin PBXBuildFile section */
		5D0763DF2DA2C0500006A1F6 /* Testing.swift in Sources */ = {isa = PBXBuildFile; fileRef = 5D0763DE2DA2C0490006A1F6 /* Testing.swift */; };
		5D21000D2DA2A4C20096B2CE /* AppDelegate.swift in Sources */ = {isa = PBXBuildFile; fileRef = 5D2100032DA2A4C20096B2CE /* AppDelegate.swift */; };
		5D21000E2DA2A4C20096B2CE /* SceneDelegate.swift in Sources */ = {isa = PBXBuildFile; fileRef = 5D21000A2DA2A4C20096B2CE /* SceneDelegate.swift */; };
		5D2100102DA2A4C20096B2CE /* Assets.xcassets in Resources */ = {isa = PBXBuildFile; fileRef = 5D2100042DA2A4C20096B2CE /* Assets.xcassets */; };
		5D2100122DA2A4C20096B2CE /* LaunchScreen.storyboard in Resources */ = {isa = PBXBuildFile; fileRef = 5D2100072DA2A4C20096B2CE /* LaunchScreen.storyboard */; };
		5D2100132DA2A4C20096B2CE /* Main.storyboard in Resources */ = {isa = PBXBuildFile; fileRef = 5D2100092DA2A4C20096B2CE /* Main.storyboard */; };
		5D2100172DA2A4DC0096B2CE /* GamesListViewController.swift in Sources */ = {isa = PBXBuildFile; fileRef = 5D2100152DA2A4DC0096B2CE /* GamesListViewController.swift */; };
		5D21001C2DA2A6E40096B2CE /* MostPopularMovies.swift in Sources */ = {isa = PBXBuildFile; fileRef = 5D21001B2DA2A6CE0096B2CE /* MostPopularMovies.swift */; };
		5D21565E2DABED7100F2A634 /* Extension + UIViewController.swift in Sources */ = {isa = PBXBuildFile; fileRef = 5D21565D2DABED4400F2A634 /* Extension + UIViewController.swift */; };
		5D3BF2B72DABD8D100363A2A /* Networking.swift in Sources */ = {isa = PBXBuildFile; fileRef = 5D3BF2B62DABD8C300363A2A /* Networking.swift */; };
		5DD55BDA2DA81860002A8C53 /* GameInfoViewController.swift in Sources */ = {isa = PBXBuildFile; fileRef = 5DD55BD92DA81853002A8C53 /* GameInfoViewController.swift */; };
		5DDE19DD2DA6EF65003AA61D /* Games.swift in Sources */ = {isa = PBXBuildFile; fileRef = 5DDE19DC2DA6EF5B003AA61D /* Games.swift */; };
/* End PBXBuildFile section */

/* Begin PBXFileReference section */
		5D0763DE2DA2C0490006A1F6 /* Testing.swift */ = {isa = PBXFileReference; lastKnownFileType = sourcecode.swift; path = Testing.swift; sourceTree = "<group>"; };
		5D2100032DA2A4C20096B2CE /* AppDelegate.swift */ = {isa = PBXFileReference; lastKnownFileType = sourcecode.swift; path = AppDelegate.swift; sourceTree = "<group>"; };
		5D2100042DA2A4C20096B2CE /* Assets.xcassets */ = {isa = PBXFileReference; lastKnownFileType = folder.assetcatalog; path = Assets.xcassets; sourceTree = "<group>"; };
		5D2100052DA2A4C20096B2CE /* Info.plist */ = {isa = PBXFileReference; lastKnownFileType = text.plist.xml; path = Info.plist; sourceTree = "<group>"; };
		5D2100062DA2A4C20096B2CE /* Base */ = {isa = PBXFileReference; lastKnownFileType = file.storyboard; name = Base; path = Base.lproj/LaunchScreen.storyboard; sourceTree = "<group>"; };
		5D2100082DA2A4C20096B2CE /* Base */ = {isa = PBXFileReference; lastKnownFileType = file.storyboard; name = Base; path = Base.lproj/Main.storyboard; sourceTree = "<group>"; };
		5D21000A2DA2A4C20096B2CE /* SceneDelegate.swift */ = {isa = PBXFileReference; lastKnownFileType = sourcecode.swift; path = SceneDelegate.swift; sourceTree = "<group>"; };
		5D2100152DA2A4DC0096B2CE /* GamesListViewController.swift */ = {isa = PBXFileReference; lastKnownFileType = sourcecode.swift; path = GamesListViewController.swift; sourceTree = "<group>"; };
		5D21001B2DA2A6CE0096B2CE /* MostPopularMovies.swift */ = {isa = PBXFileReference; lastKnownFileType = sourcecode.swift; path = MostPopularMovies.swift; sourceTree = "<group>"; };
		5D21565D2DABED4400F2A634 /* Extension + UIViewController.swift */ = {isa = PBXFileReference; lastKnownFileType = sourcecode.swift; path = "Extension + UIViewController.swift"; sourceTree = "<group>"; };
		5D21FFEB2DA2A42E0096B2CE /* FreeToPlayGames.app */ = {isa = PBXFileReference; explicitFileType = wrapper.application; includeInIndex = 0; path = FreeToPlayGames.app; sourceTree = BUILT_PRODUCTS_DIR; };
		5D3BF2B62DABD8C300363A2A /* Networking.swift */ = {isa = PBXFileReference; lastKnownFileType = sourcecode.swift; path = Networking.swift; sourceTree = "<group>"; };
		5DD55BD92DA81853002A8C53 /* GameInfoViewController.swift */ = {isa = PBXFileReference; lastKnownFileType = sourcecode.swift; path = GameInfoViewController.swift; sourceTree = "<group>"; };
		5DDE19DC2DA6EF5B003AA61D /* Games.swift */ = {isa = PBXFileReference; lastKnownFileType = sourcecode.swift; path = Games.swift; sourceTree = "<group>"; };
/* End PBXFileReference section */

/* Begin PBXFrameworksBuildPhase section */
		5D21FFE82DA2A42E0096B2CE /* Frameworks */ = {
			isa = PBXFrameworksBuildPhase;
			buildActionMask = 2147483647;
			files = (
			);
			runOnlyForDeploymentPostprocessing = 0;
		};
/* End PBXFrameworksBuildPhase section */

/* Begin PBXGroup section */
		5D21000C2DA2A4C20096B2CE /* FreeToPlayGames */ = {
			isa = PBXGroup;
			children = (
				5D2100162DA2A4DC0096B2CE /* ViewControllers */,
				5D21565C2DABED1500F2A634 /* Extensions */,
				5D3BF2B32DABD89200363A2A /* Services */,
				5D21001A2DA2A6B50096B2CE /* Models */,
				5D2100182DA2A4F20096B2CE /* Storyboards */,
				5D2100192DA2A51A0096B2CE /* SupportingFiles */,
				5D2100042DA2A4C20096B2CE /* Assets.xcassets */,
			);
			path = FreeToPlayGames;
			sourceTree = "<group>";
		};
		5D2100162DA2A4DC0096B2CE /* ViewControllers */ = {
			isa = PBXGroup;
			children = (
				5D2100152DA2A4DC0096B2CE /* GamesListViewController.swift */,
				5DD55BD92DA81853002A8C53 /* GameInfoViewController.swift */,
			);
			path = ViewControllers;
			sourceTree = "<group>";
		};
		5D2100182DA2A4F20096B2CE /* Storyboards */ = {
			isa = PBXGroup;
			children = (
				5D2100072DA2A4C20096B2CE /* LaunchScreen.storyboard */,
				5D2100092DA2A4C20096B2CE /* Main.storyboard */,
			);
			path = Storyboards;
			sourceTree = "<group>";
		};
		5D2100192DA2A51A0096B2CE /* SupportingFiles */ = {
			isa = PBXGroup;
			children = (
				5D2100032DA2A4C20096B2CE /* AppDelegate.swift */,
				5D2100052DA2A4C20096B2CE /* Info.plist */,
				5D21000A2DA2A4C20096B2CE /* SceneDelegate.swift */,
			);
			path = SupportingFiles;
			sourceTree = "<group>";
		};
		5D21001A2DA2A6B50096B2CE /* Models */ = {
			isa = PBXGroup;
			children = (
				5DDE19DC2DA6EF5B003AA61D /* Games.swift */,
				5D0763DE2DA2C0490006A1F6 /* Testing.swift */,
				5D21001B2DA2A6CE0096B2CE /* MostPopularMovies.swift */,
			);
			path = Models;
			sourceTree = "<group>";
		};
		5D21565C2DABED1500F2A634 /* Extensions */ = {
			isa = PBXGroup;
			children = (
				5D21565D2DABED4400F2A634 /* Extension + UIViewController.swift */,
			);
			path = Extensions;
			sourceTree = "<group>";
		};
		5D21FFE22DA2A42E0096B2CE = {
			isa = PBXGroup;
			children = (
				5D21000C2DA2A4C20096B2CE /* FreeToPlayGames */,
				5D21FFEC2DA2A42E0096B2CE /* Products */,
			);
			sourceTree = "<group>";
		};
		5D21FFEC2DA2A42E0096B2CE /* Products */ = {
			isa = PBXGroup;
			children = (
				5D21FFEB2DA2A42E0096B2CE /* FreeToPlayGames.app */,
			);
			name = Products;
			sourceTree = "<group>";
		};
		5D3BF2B32DABD89200363A2A /* Services */ = {
			isa = PBXGroup;
			children = (
				5D3BF2B62DABD8C300363A2A /* Networking.swift */,
			);
			path = Services;
			sourceTree = "<group>";
		};
/* End PBXGroup section */

/* Begin PBXNativeTarget section */
		5D21FFEA2DA2A42E0096B2CE /* FreeToPlayGames */ = {
			isa = PBXNativeTarget;
			buildConfigurationList = 5D21FFFE2DA2A42F0096B2CE /* Build configuration list for PBXNativeTarget "FreeToPlayGames" */;
			buildPhases = (
				5D21FFE72DA2A42E0096B2CE /* Sources */,
				5D21FFE82DA2A42E0096B2CE /* Frameworks */,
				5D21FFE92DA2A42E0096B2CE /* Resources */,
			);
			buildRules = (
			);
			dependencies = (
			);
			name = FreeToPlayGames;
			packageProductDependencies = (
			);
			productName = Movies;
			productReference = 5D21FFEB2DA2A42E0096B2CE /* FreeToPlayGames.app */;
			productType = "com.apple.product-type.application";
		};
/* End PBXNativeTarget section */

/* Begin PBXProject section */
		5D21FFE32DA2A42E0096B2CE /* Project object */ = {
			isa = PBXProject;
			attributes = {
				BuildIndependentTargetsInParallel = 1;
				LastSwiftUpdateCheck = 1620;
				LastUpgradeCheck = 1620;
				TargetAttributes = {
					5D21FFEA2DA2A42E0096B2CE = {
						CreatedOnToolsVersion = 16.2;
					};
				};
			};
			buildConfigurationList = 5D21FFE62DA2A42E0096B2CE /* Build configuration list for PBXProject "FreeToPlayGames" */;
			developmentRegion = en;
			hasScannedForEncodings = 0;
			knownRegions = (
				en,
				Base,
			);
			mainGroup = 5D21FFE22DA2A42E0096B2CE;
			minimizedProjectReferenceProxies = 1;
			preferredProjectObjectVersion = 77;
			productRefGroup = 5D21FFEC2DA2A42E0096B2CE /* Products */;
			projectDirPath = "";
			projectRoot = "";
			targets = (
				5D21FFEA2DA2A42E0096B2CE /* FreeToPlayGames */,
			);
		};
/* End PBXProject section */

/* Begin PBXResourcesBuildPhase section */
		5D21FFE92DA2A42E0096B2CE /* Resources */ = {
			isa = PBXResourcesBuildPhase;
			buildActionMask = 2147483647;
			files = (
				5D2100102DA2A4C20096B2CE /* Assets.xcassets in Resources */,
				5D2100122DA2A4C20096B2CE /* LaunchScreen.storyboard in Resources */,
				5D2100132DA2A4C20096B2CE /* Main.storyboard in Resources */,
			);
			runOnlyForDeploymentPostprocessing = 0;
		};
/* End PBXResourcesBuildPhase section */

/* Begin PBXSourcesBuildPhase section */
		5D21FFE72DA2A42E0096B2CE /* Sources */ = {
			isa = PBXSourcesBuildPhase;
			buildActionMask = 2147483647;
			files = (
				5D2100172DA2A4DC0096B2CE /* GamesListViewController.swift in Sources */,
				5D21000D2DA2A4C20096B2CE /* AppDelegate.swift in Sources */,
				5D0763DF2DA2C0500006A1F6 /* Testing.swift in Sources */,
				5D3BF2B72DABD8D100363A2A /* Networking.swift in Sources */,
				5DDE19DD2DA6EF65003AA61D /* Games.swift in Sources */,
				5D21000E2DA2A4C20096B2CE /* SceneDelegate.swift in Sources */,
				5D21565E2DABED7100F2A634 /* Extension + UIViewController.swift in Sources */,
				5D21001C2DA2A6E40096B2CE /* MostPopularMovies.swift in Sources */,
				5DD55BDA2DA81860002A8C53 /* GameInfoViewController.swift in Sources */,
			);
			runOnlyForDeploymentPostprocessing = 0;
		};
/* End PBXSourcesBuildPhase section */

/* Begin PBXVariantGroup section */
		5D2100072DA2A4C20096B2CE /* LaunchScreen.storyboard */ = {
			isa = PBXVariantGroup;
			children = (
				5D2100062DA2A4C20096B2CE /* Base */,
			);
			name = LaunchScreen.storyboard;
			sourceTree = "<group>";
		};
		5D2100092DA2A4C20096B2CE /* Main.storyboard */ = {
			isa = PBXVariantGroup;
			children = (
				5D2100082DA2A4C20096B2CE /* Base */,
			);
			name = Main.storyboard;
			sourceTree = "<group>";
		};
/* End PBXVariantGroup section */

/* Begin XCBuildConfiguration section */
		5D2100002DA2A42F0096B2CE /* Release */ = {
			isa = XCBuildConfiguration;
			buildSettings = {
				ASSETCATALOG_COMPILER_APPICON_NAME = AppIcon;
				ASSETCATALOG_COMPILER_GLOBAL_ACCENT_COLOR_NAME = AccentColor;
				CODE_SIGN_STYLE = Automatic;
				CURRENT_PROJECT_VERSION = 1;
				DEVELOPMENT_TEAM = 873G52BS9V;
				GENERATE_INFOPLIST_FILE = YES;
				INFOPLIST_FILE = FreeToPlayGames/SupportingFiles/Info.plist;
				INFOPLIST_KEY_LSApplicationCategoryType = "public.app-category.video";
				INFOPLIST_KEY_UIApplicationSupportsIndirectInputEvents = YES;
				INFOPLIST_KEY_UILaunchStoryboardName = LaunchScreen;
				INFOPLIST_KEY_UIMainStoryboardFile = Main;
				INFOPLIST_KEY_UISupportedInterfaceOrientations_iPad = "UIInterfaceOrientationPortrait UIInterfaceOrientationPortraitUpsideDown UIInterfaceOrientationLandscapeLeft UIInterfaceOrientationLandscapeRight";
				INFOPLIST_KEY_UISupportedInterfaceOrientations_iPhone = "UIInterfaceOrientationPortrait UIInterfaceOrientationLandscapeLeft UIInterfaceOrientationLandscapeRight";
				LD_RUNPATH_SEARCH_PATHS = (
					"$(inherited)",
					"@executable_path/Frameworks",
				);
				MARKETING_VERSION = 0.0;
				PRODUCT_BUNDLE_IDENTIFIER = ru.MaDoGsoftware.Movies;
				PRODUCT_NAME = "$(TARGET_NAME)";
				SUPPORTED_PLATFORMS = "iphoneos iphonesimulator";
				SUPPORTS_MACCATALYST = NO;
				SUPPORTS_MAC_DESIGNED_FOR_IPHONE_IPAD = NO;
				SUPPORTS_XR_DESIGNED_FOR_IPHONE_IPAD = NO;
				SWIFT_EMIT_LOC_STRINGS = YES;
				SWIFT_VERSION = 5.0;
				TARGETED_DEVICE_FAMILY = 1;
			};
			name = Release;
		};
		5D2100012DA2A42F0096B2CE /* Debug */ = {
			isa = XCBuildConfiguration;
			buildSettings = {
				ALWAYS_SEARCH_USER_PATHS = NO;
				ASSETCATALOG_COMPILER_GENERATE_SWIFT_ASSET_SYMBOL_EXTENSIONS = YES;
				CLANG_ANALYZER_NONNULL = YES;
				CLANG_ANALYZER_NUMBER_OBJECT_CONVERSION = YES_AGGRESSIVE;
				CLANG_CXX_LANGUAGE_STANDARD = "gnu++20";
				CLANG_ENABLE_MODULES = YES;
				CLANG_ENABLE_OBJC_ARC = YES;
				CLANG_ENABLE_OBJC_WEAK = YES;
				CLANG_WARN_BLOCK_CAPTURE_AUTORELEASING = YES;
				CLANG_WARN_BOOL_CONVERSION = YES;
				CLANG_WARN_COMMA = YES;
				CLANG_WARN_CONSTANT_CONVERSION = YES;
				CLANG_WARN_DEPRECATED_OBJC_IMPLEMENTATIONS = YES;
				CLANG_WARN_DIRECT_OBJC_ISA_USAGE = YES_ERROR;
				CLANG_WARN_DOCUMENTATION_COMMENTS = YES;
				CLANG_WARN_EMPTY_BODY = YES;
				CLANG_WARN_ENUM_CONVERSION = YES;
				CLANG_WARN_INFINITE_RECURSION = YES;
				CLANG_WARN_INT_CONVERSION = YES;
				CLANG_WARN_NON_LITERAL_NULL_CONVERSION = YES;
				CLANG_WARN_OBJC_IMPLICIT_RETAIN_SELF = YES;
				CLANG_WARN_OBJC_LITERAL_CONVERSION = YES;
				CLANG_WARN_OBJC_ROOT_CLASS = YES_ERROR;
				CLANG_WARN_QUOTED_INCLUDE_IN_FRAMEWORK_HEADER = YES;
				CLANG_WARN_RANGE_LOOP_ANALYSIS = YES;
				CLANG_WARN_STRICT_PROTOTYPES = YES;
				CLANG_WARN_SUSPICIOUS_MOVE = YES;
				CLANG_WARN_UNGUARDED_AVAILABILITY = YES_AGGRESSIVE;
				CLANG_WARN_UNREACHABLE_CODE = YES;
				CLANG_WARN__DUPLICATE_METHOD_MATCH = YES;
				COPY_PHASE_STRIP = NO;
				DEBUG_INFORMATION_FORMAT = dwarf;
				ENABLE_STRICT_OBJC_MSGSEND = YES;
				ENABLE_TESTABILITY = YES;
				ENABLE_USER_SCRIPT_SANDBOXING = YES;
				GCC_C_LANGUAGE_STANDARD = gnu17;
				GCC_DYNAMIC_NO_PIC = NO;
				GCC_NO_COMMON_BLOCKS = YES;
				GCC_OPTIMIZATION_LEVEL = 0;
				GCC_PREPROCESSOR_DEFINITIONS = (
					"DEBUG=1",
					"$(inherited)",
				);
				GCC_WARN_64_TO_32_BIT_CONVERSION = YES;
				GCC_WARN_ABOUT_RETURN_TYPE = YES_ERROR;
				GCC_WARN_UNDECLARED_SELECTOR = YES;
				GCC_WARN_UNINITIALIZED_AUTOS = YES_AGGRESSIVE;
				GCC_WARN_UNUSED_FUNCTION = YES;
				GCC_WARN_UNUSED_VARIABLE = YES;
				IPHONEOS_DEPLOYMENT_TARGET = 18.2;
				LOCALIZATION_PREFERS_STRING_CATALOGS = YES;
				MTL_ENABLE_DEBUG_INFO = INCLUDE_SOURCE;
				MTL_FAST_MATH = YES;
				ONLY_ACTIVE_ARCH = YES;
				SDKROOT = iphoneos;
				SWIFT_ACTIVE_COMPILATION_CONDITIONS = "DEBUG $(inherited)";
				SWIFT_OPTIMIZATION_LEVEL = "-Onone";
			};
			name = Debug;
		};
		5D2100022DA2A42F0096B2CE /* Release */ = {
			isa = XCBuildConfiguration;
			buildSettings = {
				ALWAYS_SEARCH_USER_PATHS = NO;
				ASSETCATALOG_COMPILER_GENERATE_SWIFT_ASSET_SYMBOL_EXTENSIONS = YES;
				CLANG_ANALYZER_NONNULL = YES;
				CLANG_ANALYZER_NUMBER_OBJECT_CONVERSION = YES_AGGRESSIVE;
				CLANG_CXX_LANGUAGE_STANDARD = "gnu++20";
				CLANG_ENABLE_MODULES = YES;
				CLANG_ENABLE_OBJC_ARC = YES;
				CLANG_ENABLE_OBJC_WEAK = YES;
				CLANG_WARN_BLOCK_CAPTURE_AUTORELEASING = YES;
				CLANG_WARN_BOOL_CONVERSION = YES;
				CLANG_WARN_COMMA = YES;
				CLANG_WARN_CONSTANT_CONVERSION = YES;
				CLANG_WARN_DEPRECATED_OBJC_IMPLEMENTATIONS = YES;
				CLANG_WARN_DIRECT_OBJC_ISA_USAGE = YES_ERROR;
				CLANG_WARN_DOCUMENTATION_COMMENTS = YES;
				CLANG_WARN_EMPTY_BODY = YES;
				CLANG_WARN_ENUM_CONVERSION = YES;
				CLANG_WARN_INFINITE_RECURSION = YES;
				CLANG_WARN_INT_CONVERSION = YES;
				CLANG_WARN_NON_LITERAL_NULL_CONVERSION = YES;
				CLANG_WARN_OBJC_IMPLICIT_RETAIN_SELF = YES;
				CLANG_WARN_OBJC_LITERAL_CONVERSION = YES;
				CLANG_WARN_OBJC_ROOT_CLASS = YES_ERROR;
				CLANG_WARN_QUOTED_INCLUDE_IN_FRAMEWORK_HEADER = YES;
				CLANG_WARN_RANGE_LOOP_ANALYSIS = YES;
				CLANG_WARN_STRICT_PROTOTYPES = YES;
				CLANG_WARN_SUSPICIOUS_MOVE = YES;
				CLANG_WARN_UNGUARDED_AVAILABILITY = YES_AGGRESSIVE;
				CLANG_WARN_UNREACHABLE_CODE = YES;
				CLANG_WARN__DUPLICATE_METHOD_MATCH = YES;
				COPY_PHASE_STRIP = NO;
				DEBUG_INFORMATION_FORMAT = "dwarf-with-dsym";
				ENABLE_NS_ASSERTIONS = NO;
				ENABLE_STRICT_OBJC_MSGSEND = YES;
				ENABLE_USER_SCRIPT_SANDBOXING = YES;
				GCC_C_LANGUAGE_STANDARD = gnu17;
				GCC_NO_COMMON_BLOCKS = YES;
				GCC_WARN_64_TO_32_BIT_CONVERSION = YES;
				GCC_WARN_ABOUT_RETURN_TYPE = YES_ERROR;
				GCC_WARN_UNDECLARED_SELECTOR = YES;
				GCC_WARN_UNINITIALIZED_AUTOS = YES_AGGRESSIVE;
				GCC_WARN_UNUSED_FUNCTION = YES;
				GCC_WARN_UNUSED_VARIABLE = YES;
				IPHONEOS_DEPLOYMENT_TARGET = 18.2;
				LOCALIZATION_PREFERS_STRING_CATALOGS = YES;
				MTL_ENABLE_DEBUG_INFO = NO;
				MTL_FAST_MATH = YES;
				SDKROOT = iphoneos;
				SWIFT_COMPILATION_MODE = wholemodule;
				VALIDATE_PRODUCT = YES;
			};
			name = Release;
		};
		5D21FFFF2DA2A42F0096B2CE /* Debug */ = {
			isa = XCBuildConfiguration;
			buildSettings = {
				ASSETCATALOG_COMPILER_APPICON_NAME = AppIcon;
				ASSETCATALOG_COMPILER_GLOBAL_ACCENT_COLOR_NAME = AccentColor;
				CODE_SIGN_STYLE = Automatic;
				CURRENT_PROJECT_VERSION = 1;
				DEVELOPMENT_TEAM = 873G52BS9V;
				GENERATE_INFOPLIST_FILE = YES;
				INFOPLIST_FILE = FreeToPlayGames/SupportingFiles/Info.plist;
				INFOPLIST_KEY_LSApplicationCategoryType = "public.app-category.video";
				INFOPLIST_KEY_UIApplicationSupportsIndirectInputEvents = YES;
				INFOPLIST_KEY_UILaunchStoryboardName = LaunchScreen;
				INFOPLIST_KEY_UIMainStoryboardFile = Main;
				INFOPLIST_KEY_UISupportedInterfaceOrientations_iPad = "UIInterfaceOrientationPortrait UIInterfaceOrientationPortraitUpsideDown UIInterfaceOrientationLandscapeLeft UIInterfaceOrientationLandscapeRight";
				INFOPLIST_KEY_UISupportedInterfaceOrientations_iPhone = "UIInterfaceOrientationPortrait UIInterfaceOrientationLandscapeLeft UIInterfaceOrientationLandscapeRight";
				LD_RUNPATH_SEARCH_PATHS = (
					"$(inherited)",
					"@executable_path/Frameworks",
				);
				MARKETING_VERSION = 0.0;
				PRODUCT_BUNDLE_IDENTIFIER = ru.MaDoGsoftware.Movies;
				PRODUCT_NAME = "$(TARGET_NAME)";
				SUPPORTED_PLATFORMS = "iphoneos iphonesimulator";
				SUPPORTS_MACCATALYST = NO;
				SUPPORTS_MAC_DESIGNED_FOR_IPHONE_IPAD = NO;
				SUPPORTS_XR_DESIGNED_FOR_IPHONE_IPAD = NO;
				SWIFT_EMIT_LOC_STRINGS = YES;
				SWIFT_VERSION = 5.0;
				TARGETED_DEVICE_FAMILY = 1;
			};
			name = Debug;
		};
/* End XCBuildConfiguration section */

/* Begin XCConfigurationList section */
		5D21FFE62DA2A42E0096B2CE /* Build configuration list for PBXProject "FreeToPlayGames" */ = {
			isa = XCConfigurationList;
			buildConfigurations = (
				5D2100012DA2A42F0096B2CE /* Debug */,
				5D2100022DA2A42F0096B2CE /* Release */,
			);
			defaultConfigurationIsVisible = 0;
			defaultConfigurationName = Release;
		};
		5D21FFFE2DA2A42F0096B2CE /* Build configuration list for PBXNativeTarget "FreeToPlayGames" */ = {
			isa = XCConfigurationList;
			buildConfigurations = (
				5D21FFFF2DA2A42F0096B2CE /* Debug */,
				5D2100002DA2A42F0096B2CE /* Release */,
			);
			defaultConfigurationIsVisible = 0;
			defaultConfigurationName = Release;
		};
/* End XCConfigurationList section */
	};
	rootObject = 5D21FFE32DA2A42E0096B2CE /* Project object */;
}
